
Microsoft Visual Studio Solution File, Format Version 12.00
# Visual Studio Version 17
VisualStudioVersion = 17.4.33103.184
MinimumVisualStudioVersion = 10.0.40219.1
Project("{8BC9CEB8-8B4A-11D0-8D11-00A0C91BC942}") = "stty", "stty\stty.vcxproj", "{4F138457-1141-486D-A75B-1F2C0BF50AC5}"
EndProject
Project("{8BC9CEB8-8B4A-11D0-8D11-00A0C91BC942}") = "pipe_to_con", "pipe_to_con\pipe_to_con.vcxproj", "{DD078802-1E07-4E82-8A1A-600EC084786B}"
EndProject
Project("{8BC9CEB8-8B4A-11D0-8D11-00A0C91BC942}") = "stdin-echo", "stdin-echo\stdin-echo.vcxproj", "{B6A05CD1-7C4C-411F-B89C-683C078A44BB}"
EndProject
Project("{2150E333-8FDC-42A3-9474-1A3956D46DE8}") = "Solution Items", "Solution Items", "{989A7255-BA8F-4043-AB37-EFC6246D7C0A}"
	ProjectSection(SolutionItems) = preProject
		console-tools.props = console-tools.props
		UTF8Manifest.xml = UTF8Manifest.xml
	EndProjectSection
EndProject
Project("{8BC9CEB8-8B4A-11D0-8D11-00A0C91BC942}") = "shared", "shared\shared.vcxitems", "{A7331950-69BE-4A95-B55D-E37869A94FB8}"
EndProject
Global
	GlobalSection(SolutionConfigurationPlatforms) = preSolution
		Debug|x64 = Debug|x64
		Debug|x86 = Debug|x86
		Release|x64 = Release|x64
		Release|x86 = Release|x86
	EndGlobalSection
	GlobalSection(ProjectConfigurationPlatforms) = postSolution
		{4F138457-1141-486D-A75B-1F2C0BF50AC5}.Debug|x64.ActiveCfg = Debug|x64
		{4F138457-1141-486D-A75B-1F2C0BF50AC5}.Debug|x64.Build.0 = Debug|x64
		{4F138457-1141-486D-A75B-1F2C0BF50AC5}.Debug|x86.ActiveCfg = Debug|Win32
		{4F138457-1141-486D-A75B-1F2C0BF50AC5}.Debug|x86.Build.0 = Debug|Win32
		{4F138457-1141-486D-A75B-1F2C0BF50AC5}.Release|x64.ActiveCfg = Release|x64
		{4F138457-1141-486D-A75B-1F2C0BF50AC5}.Release|x64.Build.0 = Release|x64
		{4F138457-1141-486D-A75B-1F2C0BF50AC5}.Release|x86.ActiveCfg = Release|Win32
		{4F138457-1141-486D-A75B-1F2C0BF50AC5}.Release|x86.Build.0 = Release|Win32
		{DD078802-1E07-4E82-8A1A-600EC084786B}.Debug|x64.ActiveCfg = Debug|x64
		{DD078802-1E07-4E82-8A1A-600EC084786B}.Debug|x64.Build.0 = Debug|x64
		{DD078802-1E07-4E82-8A1A-600EC084786B}.Debug|x86.ActiveCfg = Debug|Win32
		{DD078802-1E07-4E82-8A1A-600EC084786B}.Debug|x86.Build.0 = Debug|Win32
		{DD078802-1E07-4E82-8A1A-600EC084786B}.Release|x64.ActiveCfg = Release|x64
		{DD078802-1E07-4E82-8A1A-600EC084786B}.Release|x64.Build.0 = Release|x64
		{DD078802-1E07-4E82-8A1A-600EC084786B}.Release|x86.ActiveCfg = Release|Win32
		{DD078802-1E07-4E82-8A1A-600EC084786B}.Release|x86.Build.0 = Release|Win32
		{B6A05CD1-7C4C-411F-B89C-683C078A44BB}.Debug|x64.ActiveCfg = Debug|x64
		{B6A05CD1-7C4C-411F-B89C-683C078A44BB}.Debug|x64.Build.0 = Debug|x64
		{B6A05CD1-7C4C-411F-B89C-683C078A44BB}.Debug|x86.ActiveCfg = Debug|Win32
		{B6A05CD1-7C4C-411F-B89C-683C078A44BB}.Debug|x86.Build.0 = Debug|Win32
		{B6A05CD1-7C4C-411F-B89C-683C078A44BB}.Release|x64.ActiveCfg = Release|x64
		{B6A05CD1-7C4C-411F-B89C-683C078A44BB}.Release|x64.Build.0 = Release|x64
		{B6A05CD1-7C4C-411F-B89C-683C078A44BB}.Release|x86.ActiveCfg = Release|Win32
		{B6A05CD1-7C4C-411F-B89C-683C078A44BB}.Release|x86.Build.0 = Release|Win32
	EndGlobalSection
	GlobalSection(SolutionProperties) = preSolution
		HideSolutionNode = FALSE
	EndGlobalSection
	GlobalSection(ExtensibilityGlobals) = postSolution
		SolutionGuid = {CB131D98-E59F-40C9-B9E6-A034BBDEB904}
	EndGlobalSection
	GlobalSection(SharedMSBuildProjectFiles) = preSolution
		shared\shared.vcxitems*{4f138457-1141-486d-a75b-1f2c0bf50ac5}*SharedItemsImports = 4
		shared\shared.vcxitems*{a7331950-69be-4a95-b55d-e37869a94fb8}*SharedItemsImports = 9
		shared\shared.vcxitems*{b6a05cd1-7c4c-411f-b89c-683c078a44bb}*SharedItemsImports = 4
		shared\shared.vcxitems*{dd078802-1e07-4e82-8a1a-600ec084786b}*SharedItemsImports = 4
	EndGlobalSection
EndGlobal
